
Microsoft Visual Studio Solution File, Format Version 12.00
# Visual Studio 14
VisualStudioVersion = 14.0.25420.1
MinimumVisualStudioVersion = 10.0.40219.1
Project("{E24C65DC-7377-472B-9ABA-BC803B73C61A}") = "APIChannels", ".", "{8A60F2EE-ACBE-49BA-B401-1C335CC0F62F}"
	ProjectSection(WebsiteProperties) = preProject
		TargetFrameworkMoniker = ".NETFramework,Version%3Dv4.0"
		Debug.AspNetCompiler.VirtualPath = "/localhost_53247"
		Debug.AspNetCompiler.PhysicalPath = "..\..\..\jaldlr\APIChannels\"
		Debug.AspNetCompiler.TargetPath = "PrecompiledWeb\localhost_53247\"
		Debug.AspNetCompiler.Updateable = "true"
		Debug.AspNetCompiler.ForceOverwrite = "true"
		Debug.AspNetCompiler.FixedNames = "false"
		Debug.AspNetCompiler.Debug = "True"
		Release.AspNetCompiler.VirtualPath = "/localhost_53247"
		Release.AspNetCompiler.PhysicalPath = "..\..\..\jaldlr\APIChannels\"
		Release.AspNetCompiler.TargetPath = "PrecompiledWeb\localhost_53247\"
		Release.AspNetCompiler.Updateable = "true"
		Release.AspNetCompiler.ForceOverwrite = "true"
		Release.AspNetCompiler.FixedNames = "false"
		Release.AspNetCompiler.Debug = "False"
		VWDPort = "53247"
	EndProjectSection
EndProject
Global
	GlobalSection(SolutionConfigurationPlatforms) = preSolution
		Debug|Any CPU = Debug|Any CPU
	EndGlobalSection
	GlobalSection(ProjectConfigurationPlatforms) = postSolution
		{8A60F2EE-ACBE-49BA-B401-1C335CC0F62F}.Debug|Any CPU.ActiveCfg = Debug|Any CPU
		{8A60F2EE-ACBE-49BA-B401-1C335CC0F62F}.Debug|Any CPU.Build.0 = Debug|Any CPU
	EndGlobalSection
	GlobalSection(SolutionProperties) = preSolution
		HideSolutionNode = FALSE
	EndGlobalSection
EndGlobal
